// !$*UTF8*$!
{
	archiveVersion = 1;
	classes = {
	};
	objectVersion = 56;
	objects = {

/* Begin PBXBuildFile section */
		62ADCD9A2BBEFD44002A46DB /* FollowerListView.swift in Sources */ = {isa = PBXBuildFile; fileRef = 62ADCD992BBEFD44002A46DB /* FollowerListView.swift */; };
		62BA914B2BBE305D0049E06E /* TCAUIKitStackBasedNavigationApp.swift in Sources */ = {isa = PBXBuildFile; fileRef = 62BA914A2BBE305D0049E06E /* TCAUIKitStackBasedNavigationApp.swift */; };
		62BA914F2BBE305E0049E06E /* Assets.xcassets in Resources */ = {isa = PBXBuildFile; fileRef = 62BA914E2BBE305E0049E06E /* Assets.xcassets */; };
		62BA91532BBE305E0049E06E /* Preview Assets.xcassets in Resources */ = {isa = PBXBuildFile; fileRef = 62BA91522BBE305E0049E06E /* Preview Assets.xcassets */; };
		62BA915B2BBE332C0049E06E /* ComposableArchitecture in Frameworks */ = {isa = PBXBuildFile; productRef = 62BA915A2BBE332C0049E06E /* ComposableArchitecture */; };
		62BA915D2BBE33440049E06E /* AppView.swift in Sources */ = {isa = PBXBuildFile; fileRef = 62BA915C2BBE33440049E06E /* AppView.swift */; };
		62BA915F2BBE34DF0049E06E /* UserListView.swift in Sources */ = {isa = PBXBuildFile; fileRef = 62BA915E2BBE34DF0049E06E /* UserListView.swift */; };
		62BA91612BBE34F30049E06E /* UserDetailView.swift in Sources */ = {isa = PBXBuildFile; fileRef = 62BA91602BBE34F30049E06E /* UserDetailView.swift */; };
		62BA91632BBE35070049E06E /* Model.swift in Sources */ = {isa = PBXBuildFile; fileRef = 62BA91622BBE35070049E06E /* Model.swift */; };
/* End PBXBuildFile section */

/* Begin PBXFileReference section */
		62ADCD992BBEFD44002A46DB /* FollowerListView.swift */ = {isa = PBXFileReference; lastKnownFileType = sourcecode.swift; path = FollowerListView.swift; sourceTree = "<group>"; };
		62BA91472BBE305D0049E06E /* TCAUIKitStackBasedNavigation.app */ = {isa = PBXFileReference; explicitFileType = wrapper.application; includeInIndex = 0; path = TCAUIKitStackBasedNavigation.app; sourceTree = BUILT_PRODUCTS_DIR; };
		62BA914A2BBE305D0049E06E /* TCAUIKitStackBasedNavigationApp.swift */ = {isa = PBXFileReference; lastKnownFileType = sourcecode.swift; path = TCAUIKitStackBasedNavigationApp.swift; sourceTree = "<group>"; };
		62BA914E2BBE305E0049E06E /* Assets.xcassets */ = {isa = PBXFileReference; lastKnownFileType = folder.assetcatalog; path = Assets.xcassets; sourceTree = "<group>"; };
		62BA91502BBE305E0049E06E /* TCAUIKitStackBasedNavigation.entitlements */ = {isa = PBXFileReference; lastKnownFileType = text.plist.entitlements; path = TCAUIKitStackBasedNavigation.entitlements; sourceTree = "<group>"; };
		62BA91522BBE305E0049E06E /* Preview Assets.xcassets */ = {isa = PBXFileReference; lastKnownFileType = folder.assetcatalog; path = "Preview Assets.xcassets"; sourceTree = "<group>"; };
		62BA915C2BBE33440049E06E /* AppView.swift */ = {isa = PBXFileReference; lastKnownFileType = sourcecode.swift; path = AppView.swift; sourceTree = "<group>"; };
		62BA915E2BBE34DF0049E06E /* UserListView.swift */ = {isa = PBXFileReference; lastKnownFileType = sourcecode.swift; path = UserListView.swift; sourceTree = "<group>"; };
		62BA91602BBE34F30049E06E /* UserDetailView.swift */ = {isa = PBXFileReference; lastKnownFileType = sourcecode.swift; path = UserDetailView.swift; sourceTree = "<group>"; };
		62BA91622BBE35070049E06E /* Model.swift */ = {isa = PBXFileReference; lastKnownFileType = sourcecode.swift; path = Model.swift; sourceTree = "<group>"; };
/* End PBXFileReference section */

/* Begin PBXFrameworksBuildPhase section */
		62BA91442BBE305D0049E06E /* Frameworks */ = {
			isa = PBXFrameworksBuildPhase;
			buildActionMask = 2147483647;
			files = (
				62BA915B2BBE332C0049E06E /* ComposableArchitecture in Frameworks */,
			);
			runOnlyForDeploymentPostprocessing = 0;
		};
/* End PBXFrameworksBuildPhase section */

/* Begin PBXGroup section */
		62BA913E2BBE305D0049E06E = {
			isa = PBXGroup;
			children = (
				62BA91492BBE305D0049E06E /* TCAUIKitStackBasedNavigation */,
				62BA91482BBE305D0049E06E /* Products */,
			);
			sourceTree = "<group>";
		};
		62BA91482BBE305D0049E06E /* Products */ = {
			isa = PBXGroup;
			children = (
				62BA91472BBE305D0049E06E /* TCAUIKitStackBasedNavigation.app */,
			);
			name = Products;
			sourceTree = "<group>";
		};
		62BA91492BBE305D0049E06E /* TCAUIKitStackBasedNavigation */ = {
			isa = PBXGroup;
			children = (
				62BA914A2BBE305D0049E06E /* TCAUIKitStackBasedNavigationApp.swift */,
				62BA915C2BBE33440049E06E /* AppView.swift */,
				62BA915E2BBE34DF0049E06E /* UserListView.swift */,
				62BA91602BBE34F30049E06E /* UserDetailView.swift */,
				62ADCD992BBEFD44002A46DB /* FollowerListView.swift */,
				62BA91622BBE35070049E06E /* Model.swift */,
				62BA914E2BBE305E0049E06E /* Assets.xcassets */,
				62BA91502BBE305E0049E06E /* TCAUIKitStackBasedNavigation.entitlements */,
				62BA91512BBE305E0049E06E /* Preview Content */,
			);
			path = TCAUIKitStackBasedNavigation;
			sourceTree = "<group>";
		};
		62BA91512BBE305E0049E06E /* Preview Content */ = {
			isa = PBXGroup;
			children = (
				62BA91522BBE305E0049E06E /* Preview Assets.xcassets */,
			);
			path = "Preview Content";
			sourceTree = "<group>";
		};
/* End PBXGroup section */

/* Begin PBXNativeTarget section */
		62BA91462BBE305D0049E06E /* TCAUIKitStackBasedNavigation */ = {
			isa = PBXNativeTarget;
			buildConfigurationList = 62BA91562BBE305E0049E06E /* Build configuration list for PBXNativeTarget "TCAUIKitStackBasedNavigation" */;
			buildPhases = (
				62BA91432BBE305D0049E06E /* Sources */,
				62BA91442BBE305D0049E06E /* Frameworks */,
				62BA91452BBE305D0049E06E /* Resources */,
			);
			buildRules = (
			);
			dependencies = (
			);
			name = TCAUIKitStackBasedNavigation;
			packageProductDependencies = (
				62BA915A2BBE332C0049E06E /* ComposableArchitecture */,
			);
			productName = TCAUIKitStackBasedNavigation;
			productReference = 62BA91472BBE305D0049E06E /* TCAUIKitStackBasedNavigation.app */;
			productType = "com.apple.product-type.application";
		};
/* End PBXNativeTarget section */

/* Begin PBXProject section */
		62BA913F2BBE305D0049E06E /* Project object */ = {
			isa = PBXProject;
			attributes = {
				BuildIndependentTargetsInParallel = 1;
				LastSwiftUpdateCheck = 1530;
				LastUpgradeCheck = 1530;
				TargetAttributes = {
					62BA91462BBE305D0049E06E = {
						CreatedOnToolsVersion = 15.3;
					};
				};
			};
			buildConfigurationList = 62BA91422BBE305D0049E06E /* Build configuration list for PBXProject "TCAUIKitStackBasedNavigation" */;
			compatibilityVersion = "Xcode 14.0";
			developmentRegion = en;
			hasScannedForEncodings = 0;
			knownRegions = (
				en,
				Base,
			);
			mainGroup = 62BA913E2BBE305D0049E06E;
			packageReferences = (
				62BA91592BBE332C0049E06E /* XCRemoteSwiftPackageReference "swift-composable-architecture" */,
			);
			productRefGroup = 62BA91482BBE305D0049E06E /* Products */;
			projectDirPath = "";
			projectRoot = "";
			targets = (
				62BA91462BBE305D0049E06E /* TCAUIKitStackBasedNavigation */,
			);
		};
/* End PBXProject section */

/* Begin PBXResourcesBuildPhase section */
		62BA91452BBE305D0049E06E /* Resources */ = {
			isa = PBXResourcesBuildPhase;
			buildActionMask = 2147483647;
			files = (
				62BA91532BBE305E0049E06E /* Preview Assets.xcassets in Resources */,
				62BA914F2BBE305E0049E06E /* Assets.xcassets in Resources */,
			);
			runOnlyForDeploymentPostprocessing = 0;
		};
/* End PBXResourcesBuildPhase section */

/* Begin PBXSourcesBuildPhase section */
		62BA91432BBE305D0049E06E /* Sources */ = {
			isa = PBXSourcesBuildPhase;
			buildActionMask = 2147483647;
			files = (
				62BA91632BBE35070049E06E /* Model.swift in Sources */,
				62ADCD9A2BBEFD44002A46DB /* FollowerListView.swift in Sources */,
				62BA91612BBE34F30049E06E /* UserDetailView.swift in Sources */,
				62BA914B2BBE305D0049E06E /* TCAUIKitStackBasedNavigationApp.swift in Sources */,
				62BA915F2BBE34DF0049E06E /* UserListView.swift in Sources */,
				62BA915D2BBE33440049E06E /* AppView.swift in Sources */,
			);
			runOnlyForDeploymentPostprocessing = 0;
		};
/* End PBXSourcesBuildPhase section */

/* Begin XCBuildConfiguration section */
		62BA91542BBE305E0049E06E /* Debug */ = {
			isa = XCBuildConfiguration;
			buildSettings = {
				ALWAYS_SEARCH_USER_PATHS = NO;
				ASSETCATALOG_COMPILER_GENERATE_SWIFT_ASSET_SYMBOL_EXTENSIONS = YES;
				CLANG_ANALYZER_NONNULL = YES;
				CLANG_ANALYZER_NUMBER_OBJECT_CONVERSION = YES_AGGRESSIVE;
				CLANG_CXX_LANGUAGE_STANDARD = "gnu++20";
				CLANG_ENABLE_MODULES = YES;
				CLANG_ENABLE_OBJC_ARC = YES;
				CLANG_ENABLE_OBJC_WEAK = YES;
				CLANG_WARN_BLOCK_CAPTURE_AUTORELEASING = YES;
				CLANG_WARN_BOOL_CONVERSION = YES;
				CLANG_WARN_COMMA = YES;
				CLANG_WARN_CONSTANT_CONVERSION = YES;
				CLANG_WARN_DEPRECATED_OBJC_IMPLEMENTATIONS = YES;
				CLANG_WARN_DIRECT_OBJC_ISA_USAGE = YES_ERROR;
				CLANG_WARN_DOCUMENTATION_COMMENTS = YES;
				CLANG_WARN_EMPTY_BODY = YES;
				CLANG_WARN_ENUM_CONVERSION = YES;
				CLANG_WARN_INFINITE_RECURSION = YES;
				CLANG_WARN_INT_CONVERSION = YES;
				CLANG_WARN_NON_LITERAL_NULL_CONVERSION = YES;
				CLANG_WARN_OBJC_IMPLICIT_RETAIN_SELF = YES;
				CLANG_WARN_OBJC_LITERAL_CONVERSION = YES;
				CLANG_WARN_OBJC_ROOT_CLASS = YES_ERROR;
				CLANG_WARN_QUOTED_INCLUDE_IN_FRAMEWORK_HEADER = YES;
				CLANG_WARN_RANGE_LOOP_ANALYSIS = YES;
				CLANG_WARN_STRICT_PROTOTYPES = YES;
				CLANG_WARN_SUSPICIOUS_MOVE = YES;
				CLANG_WARN_UNGUARDED_AVAILABILITY = YES_AGGRESSIVE;
				CLANG_WARN_UNREACHABLE_CODE = YES;
				CLANG_WARN__DUPLICATE_METHOD_MATCH = YES;
				COPY_PHASE_STRIP = NO;
				DEBUG_INFORMATION_FORMAT = dwarf;
				ENABLE_STRICT_OBJC_MSGSEND = YES;
				ENABLE_TESTABILITY = YES;
				ENABLE_USER_SCRIPT_SANDBOXING = YES;
				GCC_C_LANGUAGE_STANDARD = gnu17;
				GCC_DYNAMIC_NO_PIC = NO;
				GCC_NO_COMMON_BLOCKS = YES;
				GCC_OPTIMIZATION_LEVEL = 0;
				GCC_PREPROCESSOR_DEFINITIONS = (
					"DEBUG=1",
					"$(inherited)",
				);
				GCC_WARN_64_TO_32_BIT_CONVERSION = YES;
				GCC_WARN_ABOUT_RETURN_TYPE = YES_ERROR;
				GCC_WARN_UNDECLARED_SELECTOR = YES;
				GCC_WARN_UNINITIALIZED_AUTOS = YES_AGGRESSIVE;
				GCC_WARN_UNUSED_FUNCTION = YES;
				GCC_WARN_UNUSED_VARIABLE = YES;
				LOCALIZATION_PREFERS_STRING_CATALOGS = YES;
				MTL_ENABLE_DEBUG_INFO = INCLUDE_SOURCE;
				MTL_FAST_MATH = YES;
				ONLY_ACTIVE_ARCH = YES;
				SWIFT_ACTIVE_COMPILATION_CONDITIONS = "DEBUG $(inherited)";
				SWIFT_OPTIMIZATION_LEVEL = "-Onone";
			};
			name = Debug;
		};
		62BA91552BBE305E0049E06E /* Release */ = {
			isa = XCBuildConfiguration;
			buildSettings = {
				ALWAYS_SEARCH_USER_PATHS = NO;
				ASSETCATALOG_COMPILER_GENERATE_SWIFT_ASSET_SYMBOL_EXTENSIONS = YES;
				CLANG_ANALYZER_NONNULL = YES;
				CLANG_ANALYZER_NUMBER_OBJECT_CONVERSION = YES_AGGRESSIVE;
				CLANG_CXX_LANGUAGE_STANDARD = "gnu++20";
				CLANG_ENABLE_MODULES = YES;
				CLANG_ENABLE_OBJC_ARC = YES;
				CLANG_ENABLE_OBJC_WEAK = YES;
				CLANG_WARN_BLOCK_CAPTURE_AUTORELEASING = YES;
				CLANG_WARN_BOOL_CONVERSION = YES;
				CLANG_WARN_COMMA = YES;
				CLANG_WARN_CONSTANT_CONVERSION = YES;
				CLANG_WARN_DEPRECATED_OBJC_IMPLEMENTATIONS = YES;
				CLANG_WARN_DIRECT_OBJC_ISA_USAGE = YES_ERROR;
				CLANG_WARN_DOCUMENTATION_COMMENTS = YES;
				CLANG_WARN_EMPTY_BODY = YES;
				CLANG_WARN_ENUM_CONVERSION = YES;
				CLANG_WARN_INFINITE_RECURSION = YES;
				CLANG_WARN_INT_CONVERSION = YES;
				CLANG_WARN_NON_LITERAL_NULL_CONVERSION = YES;
				CLANG_WARN_OBJC_IMPLICIT_RETAIN_SELF = YES;
				CLANG_WARN_OBJC_LITERAL_CONVERSION = YES;
				CLANG_WARN_OBJC_ROOT_CLASS = YES_ERROR;
				CLANG_WARN_QUOTED_INCLUDE_IN_FRAMEWORK_HEADER = YES;
				CLANG_WARN_RANGE_LOOP_ANALYSIS = YES;
				CLANG_WARN_STRICT_PROTOTYPES = YES;
				CLANG_WARN_SUSPICIOUS_MOVE = YES;
				CLANG_WARN_UNGUARDED_AVAILABILITY = YES_AGGRESSIVE;
				CLANG_WARN_UNREACHABLE_CODE = YES;
				CLANG_WARN__DUPLICATE_METHOD_MATCH = YES;
				COPY_PHASE_STRIP = NO;
				DEBUG_INFORMATION_FORMAT = "dwarf-with-dsym";
				ENABLE_NS_ASSERTIONS = NO;
				ENABLE_STRICT_OBJC_MSGSEND = YES;
				ENABLE_USER_SCRIPT_SANDBOXING = YES;
				GCC_C_LANGUAGE_STANDARD = gnu17;
				GCC_NO_COMMON_BLOCKS = YES;
				GCC_WARN_64_TO_32_BIT_CONVERSION = YES;
				GCC_WARN_ABOUT_RETURN_TYPE = YES_ERROR;
				GCC_WARN_UNDECLARED_SELECTOR = YES;
				GCC_WARN_UNINITIALIZED_AUTOS = YES_AGGRESSIVE;
				GCC_WARN_UNUSED_FUNCTION = YES;
				GCC_WARN_UNUSED_VARIABLE = YES;
				LOCALIZATION_PREFERS_STRING_CATALOGS = YES;
				MTL_ENABLE_DEBUG_INFO = NO;
				MTL_FAST_MATH = YES;
				SWIFT_COMPILATION_MODE = wholemodule;
			};
			name = Release;
		};
		62BA91572BBE305E0049E06E /* Debug */ = {
			isa = XCBuildConfiguration;
			buildSettings = {
				ASSETCATALOG_COMPILER_APPICON_NAME = AppIcon;
				ASSETCATALOG_COMPILER_GLOBAL_ACCENT_COLOR_NAME = AccentColor;
				CODE_SIGN_ENTITLEMENTS = TCAUIKitStackBasedNavigation/TCAUIKitStackBasedNavigation.entitlements;
				CODE_SIGN_STYLE = Automatic;
				CURRENT_PROJECT_VERSION = 1;
				DEVELOPMENT_ASSET_PATHS = "\"TCAUIKitStackBasedNavigation/Preview Content\"";
				DEVELOPMENT_TEAM = QEN3LWLX44;
				ENABLE_HARDENED_RUNTIME = YES;
				ENABLE_PREVIEWS = YES;
				GENERATE_INFOPLIST_FILE = YES;
				"INFOPLIST_KEY_UIApplicationSceneManifest_Generation[sdk=iphoneos*]" = YES;
				"INFOPLIST_KEY_UIApplicationSceneManifest_Generation[sdk=iphonesimulator*]" = YES;
				"INFOPLIST_KEY_UIApplicationSupportsIndirectInputEvents[sdk=iphoneos*]" = YES;
				"INFOPLIST_KEY_UIApplicationSupportsIndirectInputEvents[sdk=iphonesimulator*]" = YES;
				"INFOPLIST_KEY_UILaunchScreen_Generation[sdk=iphoneos*]" = YES;
				"INFOPLIST_KEY_UILaunchScreen_Generation[sdk=iphonesimulator*]" = YES;
				"INFOPLIST_KEY_UIStatusBarStyle[sdk=iphoneos*]" = UIStatusBarStyleDefault;
				"INFOPLIST_KEY_UIStatusBarStyle[sdk=iphonesimulator*]" = UIStatusBarStyleDefault;
				INFOPLIST_KEY_UISupportedInterfaceOrientations_iPad = "UIInterfaceOrientationPortrait UIInterfaceOrientationPortraitUpsideDown UIInterfaceOrientationLandscapeLeft UIInterfaceOrientationLandscapeRight";
				INFOPLIST_KEY_UISupportedInterfaceOrientations_iPhone = "UIInterfaceOrientationPortrait UIInterfaceOrientationLandscapeLeft UIInterfaceOrientationLandscapeRight";
				IPHONEOS_DEPLOYMENT_TARGET = 17.4;
				LD_RUNPATH_SEARCH_PATHS = "@executable_path/Frameworks";
				"LD_RUNPATH_SEARCH_PATHS[sdk=macosx*]" = "@executable_path/../Frameworks";
				MACOSX_DEPLOYMENT_TARGET = 14.2;
				MARKETING_VERSION = 1.0;
				PRODUCT_BUNDLE_IDENTIFIER = com.example.TCAUIKitStackBasedNavigation;
				PRODUCT_NAME = "$(TARGET_NAME)";
				SDKROOT = auto;
				SUPPORTED_PLATFORMS = "iphoneos iphonesimulator macosx";
				SWIFT_EMIT_LOC_STRINGS = YES;
				SWIFT_VERSION = 5.0;
				TARGETED_DEVICE_FAMILY = "1,2";
			};
			name = Debug;
		};
		62BA91582BBE305E0049E06E /* Release */ = {
			isa = XCBuildConfiguration;
			buildSettings = {
				ASSETCATALOG_COMPILER_APPICON_NAME = AppIcon;
				ASSETCATALOG_COMPILER_GLOBAL_ACCENT_COLOR_NAME = AccentColor;
				CODE_SIGN_ENTITLEMENTS = TCAUIKitStackBasedNavigation/TCAUIKitStackBasedNavigation.entitlements;
				CODE_SIGN_STYLE = Automatic;
				CURRENT_PROJECT_VERSION = 1;
				DEVELOPMENT_ASSET_PATHS = "\"TCAUIKitStackBasedNavigation/Preview Content\"";
				DEVELOPMENT_TEAM = QEN3LWLX44;
				ENABLE_HARDENED_RUNTIME = YES;
				ENABLE_PREVIEWS = YES;
				GENERATE_INFOPLIST_FILE = YES;
				"INFOPLIST_KEY_UIApplicationSceneManifest_Generation[sdk=iphoneos*]" = YES;
				"INFOPLIST_KEY_UIApplicationSceneManifest_Generation[sdk=iphonesimulator*]" = YES;
				"INFOPLIST_KEY_UIApplicationSupportsIndirectInputEvents[sdk=iphoneos*]" = YES;
				"INFOPLIST_KEY_UIApplicationSupportsIndirectInputEvents[sdk=iphonesimulator*]" = YES;
				"INFOPLIST_KEY_UILaunchScreen_Generation[sdk=iphoneos*]" = YES;
				"INFOPLIST_KEY_UILaunchScreen_Generation[sdk=iphonesimulator*]" = YES;
				"INFOPLIST_KEY_UIStatusBarStyle[sdk=iphoneos*]" = UIStatusBarStyleDefault;
				"INFOPLIST_KEY_UIStatusBarStyle[sdk=iphonesimulator*]" = UIStatusBarStyleDefault;
				INFOPLIST_KEY_UISupportedInterfaceOrientations_iPad = "UIInterfaceOrientationPortrait UIInterfaceOrientationPortraitUpsideDown UIInterfaceOrientationLandscapeLeft UIInterfaceOrientationLandscapeRight";
				INFOPLIST_KEY_UISupportedInterfaceOrientations_iPhone = "UIInterfaceOrientationPortrait UIInterfaceOrientationLandscapeLeft UIInterfaceOrientationLandscapeRight";
				IPHONEOS_DEPLOYMENT_TARGET = 17.4;
				LD_RUNPATH_SEARCH_PATHS = "@executable_path/Frameworks";
				"LD_RUNPATH_SEARCH_PATHS[sdk=macosx*]" = "@executable_path/../Frameworks";
				MACOSX_DEPLOYMENT_TARGET = 14.2;
				MARKETING_VERSION = 1.0;
				PRODUCT_BUNDLE_IDENTIFIER = com.example.TCAUIKitStackBasedNavigation;
				PRODUCT_NAME = "$(TARGET_NAME)";
				SDKROOT = auto;
				SUPPORTED_PLATFORMS = "iphoneos iphonesimulator macosx";
				SWIFT_EMIT_LOC_STRINGS = YES;
				SWIFT_VERSION = 5.0;
				TARGETED_DEVICE_FAMILY = "1,2";
			};
			name = Release;
		};
/* End XCBuildConfiguration section */

/* Begin XCConfigurationList section */
		62BA91422BBE305D0049E06E /* Build configuration list for PBXProject "TCAUIKitStackBasedNavigation" */ = {
			isa = XCConfigurationList;
			buildConfigurations = (
				62BA91542BBE305E0049E06E /* Debug */,
				62BA91552BBE305E0049E06E /* Release */,
			);
			defaultConfigurationIsVisible = 0;
			defaultConfigurationName = Release;
		};
		62BA91562BBE305E0049E06E /* Build configuration list for PBXNativeTarget "TCAUIKitStackBasedNavigation" */ = {
			isa = XCConfigurationList;
			buildConfigurations = (
				62BA91572BBE305E0049E06E /* Debug */,
				62BA91582BBE305E0049E06E /* Release */,
			);
			defaultConfigurationIsVisible = 0;
			defaultConfigurationName = Release;
		};
/* End XCConfigurationList section */

/* Begin XCRemoteSwiftPackageReference section */
		62BA91592BBE332C0049E06E /* XCRemoteSwiftPackageReference "swift-composable-architecture" */ = {
			isa = XCRemoteSwiftPackageReference;
			repositoryURL = "https://github.com/pointfreeco/swift-composable-architecture";
			requirement = {
				kind = upToNextMajorVersion;
				minimumVersion = 1.9.2;
			};
		};
/* End XCRemoteSwiftPackageReference section */

/* Begin XCSwiftPackageProductDependency section */
		62BA915A2BBE332C0049E06E /* ComposableArchitecture */ = {
			isa = XCSwiftPackageProductDependency;
			package = 62BA91592BBE332C0049E06E /* XCRemoteSwiftPackageReference "swift-composable-architecture" */;
			productName = ComposableArchitecture;
		};
/* End XCSwiftPackageProductDependency section */
	};
	rootObject = 62BA913F2BBE305D0049E06E /* Project object */;
}
